
Microsoft Visual Studio Solution File, Format Version 12.00
# Visual Studio 2013
VisualStudioVersion = 12.0.31101.0
MinimumVisualStudioVersion = 10.0.40219.1
Project("{F2A71F9B-5D33-465A-A702-920D77279786}") = "ZztScriptParsing", "ZztScriptParsing\ZztScriptParsing.fsproj", "{2CB04E55-B535-4CD0-82E6-E21751150A3C}"
EndProject
Project("{F2A71F9B-5D33-465A-A702-920D77279786}") = "Tests", "Tests\Tests.fsproj", "{A0E35A6A-7987-4DE6-BE12-AED832131F69}"
EndProject
Project("{F2A71F9B-5D33-465A-A702-920D77279786}") = "Zzt", "Zzt\Zzt.fsproj", "{D32DE4A0-8914-4B4A-A1BC-A133120C3EA1}"
EndProject
Global
	GlobalSection(SolutionConfigurationPlatforms) = preSolution
		Debug|Any CPU = Debug|Any CPU
		Release|Any CPU = Release|Any CPU
	EndGlobalSection
	GlobalSection(ProjectConfigurationPlatforms) = postSolution
		{2CB04E55-B535-4CD0-82E6-E21751150A3C}.Debug|Any CPU.ActiveCfg = Debug|Any CPU
		{2CB04E55-B535-4CD0-82E6-E21751150A3C}.Debug|Any CPU.Build.0 = Debug|Any CPU
		{2CB04E55-B535-4CD0-82E6-E21751150A3C}.Release|Any CPU.ActiveCfg = Release|Any CPU
		{2CB04E55-B535-4CD0-82E6-E21751150A3C}.Release|Any CPU.Build.0 = Release|Any CPU
		{A0E35A6A-7987-4DE6-BE12-AED832131F69}.Debug|Any CPU.ActiveCfg = Debug|Any CPU
		{A0E35A6A-7987-4DE6-BE12-AED832131F69}.Debug|Any CPU.Build.0 = Debug|Any CPU
		{A0E35A6A-7987-4DE6-BE12-AED832131F69}.Release|Any CPU.ActiveCfg = Release|Any CPU
		{A0E35A6A-7987-4DE6-BE12-AED832131F69}.Release|Any CPU.Build.0 = Release|Any CPU
		{D32DE4A0-8914-4B4A-A1BC-A133120C3EA1}.Debug|Any CPU.ActiveCfg = Debug|Any CPU
		{D32DE4A0-8914-4B4A-A1BC-A133120C3EA1}.Debug|Any CPU.Build.0 = Debug|Any CPU
		{D32DE4A0-8914-4B4A-A1BC-A133120C3EA1}.Release|Any CPU.ActiveCfg = Release|Any CPU
		{D32DE4A0-8914-4B4A-A1BC-A133120C3EA1}.Release|Any CPU.Build.0 = Release|Any CPU
	EndGlobalSection
	GlobalSection(SolutionProperties) = preSolution
		HideSolutionNode = FALSE
	EndGlobalSection
EndGlobal
